
Microsoft Visual Studio Solution File, Format Version 12.00
# Visual Studio Version 17
VisualStudioVersion = 17.8.34511.84
MinimumVisualStudioVersion = 10.0.40219.1
Project("{9A19103F-16F7-4668-BE54-9A1E7A4F7556}") = "Auction.Service", "Auction.Service\Auction.Service.csproj", "{0445A828-F521-4913-97F0-282A9FA6C3F2}"
EndProject
Project("{9A19103F-16F7-4668-BE54-9A1E7A4F7556}") = "Search.Service", "Search.Service\Search.Service.csproj", "{6C72443B-0BED-4238-864F-A2F6EDC62541}"
EndProject
Project("{9A19103F-16F7-4668-BE54-9A1E7A4F7556}") = "Contracts", "Contracts\Contracts.csproj", "{CE8BC539-CF26-4E8B-931B-6483018FF1E8}"
EndProject
Project("{FAE04EC0-301F-11D3-BF4B-00C04F79EFBC}") = "Identity.Service", "Service.Identity\Identity.Service.csproj", "{28CFB87F-2784-4E96-99DF-1DF05DE12A09}"
EndProject
Global
	GlobalSection(SolutionConfigurationPlatforms) = preSolution
		Debug|Any CPU = Debug|Any CPU
		Release|Any CPU = Release|Any CPU
	EndGlobalSection
	GlobalSection(ProjectConfigurationPlatforms) = postSolution
		{0445A828-F521-4913-97F0-282A9FA6C3F2}.Debug|Any CPU.ActiveCfg = Debug|Any CPU
		{0445A828-F521-4913-97F0-282A9FA6C3F2}.Debug|Any CPU.Build.0 = Debug|Any CPU
		{0445A828-F521-4913-97F0-282A9FA6C3F2}.Release|Any CPU.ActiveCfg = Release|Any CPU
		{0445A828-F521-4913-97F0-282A9FA6C3F2}.Release|Any CPU.Build.0 = Release|Any CPU
		{6C72443B-0BED-4238-864F-A2F6EDC62541}.Debug|Any CPU.ActiveCfg = Debug|Any CPU
		{6C72443B-0BED-4238-864F-A2F6EDC62541}.Debug|Any CPU.Build.0 = Debug|Any CPU
		{6C72443B-0BED-4238-864F-A2F6EDC62541}.Release|Any CPU.ActiveCfg = Release|Any CPU
		{6C72443B-0BED-4238-864F-A2F6EDC62541}.Release|Any CPU.Build.0 = Release|Any CPU
		{CE8BC539-CF26-4E8B-931B-6483018FF1E8}.Debug|Any CPU.ActiveCfg = Debug|Any CPU
		{CE8BC539-CF26-4E8B-931B-6483018FF1E8}.Debug|Any CPU.Build.0 = Debug|Any CPU
		{CE8BC539-CF26-4E8B-931B-6483018FF1E8}.Release|Any CPU.ActiveCfg = Release|Any CPU
		{CE8BC539-CF26-4E8B-931B-6483018FF1E8}.Release|Any CPU.Build.0 = Release|Any CPU
		{28CFB87F-2784-4E96-99DF-1DF05DE12A09}.Debug|Any CPU.ActiveCfg = Debug|Any CPU
		{28CFB87F-2784-4E96-99DF-1DF05DE12A09}.Debug|Any CPU.Build.0 = Debug|Any CPU
		{28CFB87F-2784-4E96-99DF-1DF05DE12A09}.Release|Any CPU.ActiveCfg = Release|Any CPU
		{28CFB87F-2784-4E96-99DF-1DF05DE12A09}.Release|Any CPU.Build.0 = Release|Any CPU
	EndGlobalSection
	GlobalSection(SolutionProperties) = preSolution
		HideSolutionNode = FALSE
	EndGlobalSection
	GlobalSection(ExtensibilityGlobals) = postSolution
		SolutionGuid = {CEA5299B-6940-4043-B6BC-76CF4D94F396}
	EndGlobalSection
EndGlobal
